
Microsoft Visual Studio Solution File, Format Version 12.00
# Visual Studio 14
VisualStudioVersion = 14.0.25420.1
MinimumVisualStudioVersion = 10.0.40219.1
Project("{FAE04EC0-301F-11D3-BF4B-00C04F79EFBC}") = "CLI.DocumentTemplates", "CRMDocumentTemplates\CLI.DocumentTemplates.csproj", "{9367027B-09A7-4F0E-B9C6-1289B174F890}"
EndProject
Project("{FAE04EC0-301F-11D3-BF4B-00C04F79EFBC}") = "DCE.DocumentTemplates", "CRMDocumentTemplates\DCE.DocumentTemplates.csproj", "{AC44DE3F-E533-4E08-BD82-28123CDBC32F}"
EndProject
Project("{FAE04EC0-301F-11D3-BF4B-00C04F79EFBC}") = "CLI.SolutionDecompiler", "SolutionDecompiler\CLI.SolutionDecompiler.csproj", "{B9F21D4D-2DE8-497D-9DC1-DD6A084CA465}"
EndProject
Project("{FAE04EC0-301F-11D3-BF4B-00C04F79EFBC}") = "CEC.Extensions", "CEC.Extensions\CEC.Extensions.csproj", "{EE779C4F-9BB4-497B-8057-E646B7C50F3E}"
EndProject
Project("{FAE04EC0-301F-11D3-BF4B-00C04F79EFBC}") = "CLI.CustomisationComparer", "CustomisationComparison\CLI.CustomisationComparer.csproj", "{EA7AC205-EA3B-4F6B-94A0-52240BB7BA80}"
EndProject
Project("{FAE04EC0-301F-11D3-BF4B-00C04F79EFBC}") = "DCE.CustomisationComparer", "CustomisationComparison\DCE.CustomisationComparer.csproj", "{EDD673D3-0346-4B82-8441-CC901132E52E}"
EndProject
Project("{FAE04EC0-301F-11D3-BF4B-00C04F79EFBC}") = "CLI.EarlyboundShrinker", "CLI.EarlyboundShrinker\CLI.EarlyboundShrinker.csproj", "{507DE950-9B5A-4234-97DC-F92711FF14D6}"
EndProject
Project("{FAE04EC0-301F-11D3-BF4B-00C04F79EFBC}") = "CLI.CustomisationDownloader", "CLI.CustomisationDownloader\CLI.CustomisationDownloader.csproj", "{D48FDEE2-516D-438C-8D1A-2EF400F7C7C0}"
EndProject
Project("{FAE04EC0-301F-11D3-BF4B-00C04F79EFBC}") = "CEC", "CEC\CEC.csproj", "{E9413536-B91F-47AF-948F-C19993FA15BD}"
EndProject
Global
	GlobalSection(SolutionConfigurationPlatforms) = preSolution
		Debug|Any CPU = Debug|Any CPU
		Release|Any CPU = Release|Any CPU
	EndGlobalSection
	GlobalSection(ProjectConfigurationPlatforms) = postSolution
		{9367027B-09A7-4F0E-B9C6-1289B174F890}.Debug|Any CPU.ActiveCfg = Debug|Any CPU
		{9367027B-09A7-4F0E-B9C6-1289B174F890}.Debug|Any CPU.Build.0 = Debug|Any CPU
		{9367027B-09A7-4F0E-B9C6-1289B174F890}.Release|Any CPU.ActiveCfg = Release|Any CPU
		{9367027B-09A7-4F0E-B9C6-1289B174F890}.Release|Any CPU.Build.0 = Release|Any CPU
		{AC44DE3F-E533-4E08-BD82-28123CDBC32F}.Debug|Any CPU.ActiveCfg = Debug|Any CPU
		{AC44DE3F-E533-4E08-BD82-28123CDBC32F}.Debug|Any CPU.Build.0 = Debug|Any CPU
		{AC44DE3F-E533-4E08-BD82-28123CDBC32F}.Release|Any CPU.ActiveCfg = Release|Any CPU
		{AC44DE3F-E533-4E08-BD82-28123CDBC32F}.Release|Any CPU.Build.0 = Release|Any CPU
		{B9F21D4D-2DE8-497D-9DC1-DD6A084CA465}.Debug|Any CPU.ActiveCfg = Debug|Any CPU
		{B9F21D4D-2DE8-497D-9DC1-DD6A084CA465}.Debug|Any CPU.Build.0 = Debug|Any CPU
		{B9F21D4D-2DE8-497D-9DC1-DD6A084CA465}.Release|Any CPU.ActiveCfg = Release|Any CPU
		{B9F21D4D-2DE8-497D-9DC1-DD6A084CA465}.Release|Any CPU.Build.0 = Release|Any CPU
		{EE779C4F-9BB4-497B-8057-E646B7C50F3E}.Debug|Any CPU.ActiveCfg = Debug|Any CPU
		{EE779C4F-9BB4-497B-8057-E646B7C50F3E}.Debug|Any CPU.Build.0 = Debug|Any CPU
		{EE779C4F-9BB4-497B-8057-E646B7C50F3E}.Release|Any CPU.ActiveCfg = Release|Any CPU
		{EE779C4F-9BB4-497B-8057-E646B7C50F3E}.Release|Any CPU.Build.0 = Release|Any CPU
		{EA7AC205-EA3B-4F6B-94A0-52240BB7BA80}.Debug|Any CPU.ActiveCfg = Debug|Any CPU
		{EA7AC205-EA3B-4F6B-94A0-52240BB7BA80}.Debug|Any CPU.Build.0 = Debug|Any CPU
		{EA7AC205-EA3B-4F6B-94A0-52240BB7BA80}.Release|Any CPU.ActiveCfg = Release|Any CPU
		{EA7AC205-EA3B-4F6B-94A0-52240BB7BA80}.Release|Any CPU.Build.0 = Release|Any CPU
		{EDD673D3-0346-4B82-8441-CC901132E52E}.Debug|Any CPU.ActiveCfg = Debug|Any CPU
		{EDD673D3-0346-4B82-8441-CC901132E52E}.Debug|Any CPU.Build.0 = Debug|Any CPU
		{EDD673D3-0346-4B82-8441-CC901132E52E}.Release|Any CPU.ActiveCfg = Release|Any CPU
		{EDD673D3-0346-4B82-8441-CC901132E52E}.Release|Any CPU.Build.0 = Release|Any CPU
		{507DE950-9B5A-4234-97DC-F92711FF14D6}.Debug|Any CPU.ActiveCfg = Debug|Any CPU
		{507DE950-9B5A-4234-97DC-F92711FF14D6}.Debug|Any CPU.Build.0 = Debug|Any CPU
		{507DE950-9B5A-4234-97DC-F92711FF14D6}.Release|Any CPU.ActiveCfg = Release|Any CPU
		{507DE950-9B5A-4234-97DC-F92711FF14D6}.Release|Any CPU.Build.0 = Release|Any CPU
		{D48FDEE2-516D-438C-8D1A-2EF400F7C7C0}.Debug|Any CPU.ActiveCfg = Debug|Any CPU
		{D48FDEE2-516D-438C-8D1A-2EF400F7C7C0}.Debug|Any CPU.Build.0 = Debug|Any CPU
		{D48FDEE2-516D-438C-8D1A-2EF400F7C7C0}.Release|Any CPU.ActiveCfg = Release|Any CPU
		{D48FDEE2-516D-438C-8D1A-2EF400F7C7C0}.Release|Any CPU.Build.0 = Release|Any CPU
		{E9413536-B91F-47AF-948F-C19993FA15BD}.Debug|Any CPU.ActiveCfg = Debug|Any CPU
		{E9413536-B91F-47AF-948F-C19993FA15BD}.Debug|Any CPU.Build.0 = Debug|Any CPU
		{E9413536-B91F-47AF-948F-C19993FA15BD}.Release|Any CPU.ActiveCfg = Release|Any CPU
		{E9413536-B91F-47AF-948F-C19993FA15BD}.Release|Any CPU.Build.0 = Release|Any CPU
	EndGlobalSection
	GlobalSection(SolutionProperties) = preSolution
		HideSolutionNode = FALSE
	EndGlobalSection
EndGlobal
