
Microsoft Visual Studio Solution File, Format Version 12.00
# Visual Studio 14
VisualStudioVersion = 14.0.25420.1
MinimumVisualStudioVersion = 10.0.40219.1
Project("{FAE04EC0-301F-11D3-BF4B-00C04F79EFBC}") = "CRMDocumentTemplates", "CRMDocumentTemplates\CRMDocumentTemplates.csproj", "{9367027B-09A7-4F0E-B9C6-1289B174F890}"
EndProject
Project("{FAE04EC0-301F-11D3-BF4B-00C04F79EFBC}") = "CRMCLI.DocumentTemplates", "CRMDocumentTemplates\CRMCLI.DocumentTemplates.csproj", "{AC44DE3F-E533-4E08-BD82-28123CDBC32F}"
EndProject
Global
	GlobalSection(SolutionConfigurationPlatforms) = preSolution
		Debug|Any CPU = Debug|Any CPU
		Release|Any CPU = Release|Any CPU
	EndGlobalSection
	GlobalSection(ProjectConfigurationPlatforms) = postSolution
		{9367027B-09A7-4F0E-B9C6-1289B174F890}.Debug|Any CPU.ActiveCfg = Debug|Any CPU
		{9367027B-09A7-4F0E-B9C6-1289B174F890}.Debug|Any CPU.Build.0 = Debug|Any CPU
		{9367027B-09A7-4F0E-B9C6-1289B174F890}.Release|Any CPU.ActiveCfg = Release|Any CPU
		{9367027B-09A7-4F0E-B9C6-1289B174F890}.Release|Any CPU.Build.0 = Release|Any CPU
		{AC44DE3F-E533-4E08-BD82-28123CDBC32F}.Debug|Any CPU.ActiveCfg = Debug|Any CPU
		{AC44DE3F-E533-4E08-BD82-28123CDBC32F}.Debug|Any CPU.Build.0 = Debug|Any CPU
		{AC44DE3F-E533-4E08-BD82-28123CDBC32F}.Release|Any CPU.ActiveCfg = Release|Any CPU
		{AC44DE3F-E533-4E08-BD82-28123CDBC32F}.Release|Any CPU.Build.0 = Release|Any CPU
	EndGlobalSection
	GlobalSection(SolutionProperties) = preSolution
		HideSolutionNode = FALSE
	EndGlobalSection
EndGlobal
